
Microsoft Visual Studio Solution File, Format Version 12.00
# Visual Studio Version 17
VisualStudioVersion = 17.6.33829.357
MinimumVisualStudioVersion = 10.0.40219.1
Project("{FAE04EC0-301F-11D3-BF4B-00C04F79EFBC}") = "SistemaParaBiblioteca", "SistemaParaBiblioteca.csproj", "{5704869E-35E2-40CB-8FC7-46791F8FDDF5}"
EndProject
Global
	GlobalSection(SolutionConfigurationPlatforms) = preSolution
		Debug|Any CPU = Debug|Any CPU
		Release|Any CPU = Release|Any CPU
	EndGlobalSection
	GlobalSection(ProjectConfigurationPlatforms) = postSolution
		{5704869E-35E2-40CB-8FC7-46791F8FDDF5}.Debug|Any CPU.ActiveCfg = Debug|Any CPU
		{5704869E-35E2-40CB-8FC7-46791F8FDDF5}.Debug|Any CPU.Build.0 = Debug|Any CPU
		{5704869E-35E2-40CB-8FC7-46791F8FDDF5}.Release|Any CPU.ActiveCfg = Release|Any CPU
		{5704869E-35E2-40CB-8FC7-46791F8FDDF5}.Release|Any CPU.Build.0 = Release|Any CPU
	EndGlobalSection
	GlobalSection(SolutionProperties) = preSolution
		HideSolutionNode = FALSE
	EndGlobalSection
	GlobalSection(ExtensibilityGlobals) = postSolution
		SolutionGuid = {17C58EA7-0602-4EDC-AA08-BC1D0D303E3D}
	EndGlobalSection
EndGlobal
